// !$*UTF8*$!
{
	archiveVersion = 1;
	classes = {
	};
	objectVersion = 50;
	objects = {

/* Begin PBXBuildFile section */
		2327F96523B6EDEB009EE830 /* NeumorphismButton.swift in Sources */ = {isa = PBXBuildFile; fileRef = 2327F96423B6EDEB009EE830 /* NeumorphismButton.swift */; };
		2327F96723B6EDFE009EE830 /* NeumorphismButtons.storyboard in Resources */ = {isa = PBXBuildFile; fileRef = 2327F96623B6EDFE009EE830 /* NeumorphismButtons.storyboard */; };
		235D209F23B12B45006037EC /* TextfieldErrorShake.storyboard in Resources */ = {isa = PBXBuildFile; fileRef = 235D209E23B12B45006037EC /* TextfieldErrorShake.storyboard */; };
		235D20A123B12B59006037EC /* TextfieldErrorShake.swift in Sources */ = {isa = PBXBuildFile; fileRef = 235D20A023B12B59006037EC /* TextfieldErrorShake.swift */; };
		237660F523ADB0AE0003EC20 /* AppDelegate.swift in Sources */ = {isa = PBXBuildFile; fileRef = 237660F423ADB0AE0003EC20 /* AppDelegate.swift */; };
		237660F723ADB0AE0003EC20 /* SceneDelegate.swift in Sources */ = {isa = PBXBuildFile; fileRef = 237660F623ADB0AE0003EC20 /* SceneDelegate.swift */; };
		237660F923ADB0AE0003EC20 /* ViewController.swift in Sources */ = {isa = PBXBuildFile; fileRef = 237660F823ADB0AE0003EC20 /* ViewController.swift */; };
		237660FC23ADB0AE0003EC20 /* Main.storyboard in Resources */ = {isa = PBXBuildFile; fileRef = 237660FA23ADB0AE0003EC20 /* Main.storyboard */; };
		237660FE23ADB0B00003EC20 /* Assets.xcassets in Resources */ = {isa = PBXBuildFile; fileRef = 237660FD23ADB0B00003EC20 /* Assets.xcassets */; };
		2376610123ADB0B00003EC20 /* LaunchScreen.storyboard in Resources */ = {isa = PBXBuildFile; fileRef = 237660FF23ADB0B00003EC20 /* LaunchScreen.storyboard */; };
		239628C123ADB7EF008E1AA0 /* LoadingOneViewController.swift in Sources */ = {isa = PBXBuildFile; fileRef = 239628BF23ADB7EF008E1AA0 /* LoadingOneViewController.swift */; };
		239628C423ADB835008E1AA0 /* LoadingOne.storyboard in Resources */ = {isa = PBXBuildFile; fileRef = 239628C323ADB835008E1AA0 /* LoadingOne.storyboard */; };
/* End PBXBuildFile section */

/* Begin PBXFileReference section */
		2327F96423B6EDEB009EE830 /* NeumorphismButton.swift */ = {isa = PBXFileReference; lastKnownFileType = sourcecode.swift; path = NeumorphismButton.swift; sourceTree = "<group>"; };
		2327F96623B6EDFE009EE830 /* NeumorphismButtons.storyboard */ = {isa = PBXFileReference; lastKnownFileType = file.storyboard; path = NeumorphismButtons.storyboard; sourceTree = "<group>"; };
		235D209E23B12B45006037EC /* TextfieldErrorShake.storyboard */ = {isa = PBXFileReference; lastKnownFileType = file.storyboard; path = TextfieldErrorShake.storyboard; sourceTree = "<group>"; };
		235D20A023B12B59006037EC /* TextfieldErrorShake.swift */ = {isa = PBXFileReference; lastKnownFileType = sourcecode.swift; path = TextfieldErrorShake.swift; sourceTree = "<group>"; };
		237660F123ADB0AE0003EC20 /* Animations.app */ = {isa = PBXFileReference; explicitFileType = wrapper.application; includeInIndex = 0; path = Animations.app; sourceTree = BUILT_PRODUCTS_DIR; };
		237660F423ADB0AE0003EC20 /* AppDelegate.swift */ = {isa = PBXFileReference; lastKnownFileType = sourcecode.swift; path = AppDelegate.swift; sourceTree = "<group>"; };
		237660F623ADB0AE0003EC20 /* SceneDelegate.swift */ = {isa = PBXFileReference; lastKnownFileType = sourcecode.swift; path = SceneDelegate.swift; sourceTree = "<group>"; };
		237660F823ADB0AE0003EC20 /* ViewController.swift */ = {isa = PBXFileReference; lastKnownFileType = sourcecode.swift; path = ViewController.swift; sourceTree = "<group>"; };
		237660FB23ADB0AE0003EC20 /* Base */ = {isa = PBXFileReference; lastKnownFileType = file.storyboard; name = Base; path = Base.lproj/Main.storyboard; sourceTree = "<group>"; };
		237660FD23ADB0B00003EC20 /* Assets.xcassets */ = {isa = PBXFileReference; lastKnownFileType = folder.assetcatalog; path = Assets.xcassets; sourceTree = "<group>"; };
		2376610023ADB0B00003EC20 /* Base */ = {isa = PBXFileReference; lastKnownFileType = file.storyboard; name = Base; path = Base.lproj/LaunchScreen.storyboard; sourceTree = "<group>"; };
		2376610223ADB0B00003EC20 /* Info.plist */ = {isa = PBXFileReference; lastKnownFileType = text.plist.xml; path = Info.plist; sourceTree = "<group>"; };
		239628BF23ADB7EF008E1AA0 /* LoadingOneViewController.swift */ = {isa = PBXFileReference; lastKnownFileType = sourcecode.swift; path = LoadingOneViewController.swift; sourceTree = "<group>"; };
		239628C323ADB835008E1AA0 /* LoadingOne.storyboard */ = {isa = PBXFileReference; lastKnownFileType = file.storyboard; path = LoadingOne.storyboard; sourceTree = "<group>"; };
/* End PBXFileReference section */

/* Begin PBXFrameworksBuildPhase section */
		237660EE23ADB0AE0003EC20 /* Frameworks */ = {
			isa = PBXFrameworksBuildPhase;
			buildActionMask = 2147483647;
			files = (
			);
			runOnlyForDeploymentPostprocessing = 0;
		};
/* End PBXFrameworksBuildPhase section */

/* Begin PBXGroup section */
		2327F96323B6ED84009EE830 /* Buttons */ = {
			isa = PBXGroup;
			children = (
				2327F96623B6EDFE009EE830 /* NeumorphismButtons.storyboard */,
				2327F96423B6EDEB009EE830 /* NeumorphismButton.swift */,
			);
			path = Buttons;
			sourceTree = "<group>";
		};
		235D209C23B12B17006037EC /* Textfields */ = {
			isa = PBXGroup;
			children = (
				235D209D23B12B22006037EC /* TextfieldErrorShake */,
			);
			path = Textfields;
			sourceTree = "<group>";
		};
		235D209D23B12B22006037EC /* TextfieldErrorShake */ = {
			isa = PBXGroup;
			children = (
				235D209E23B12B45006037EC /* TextfieldErrorShake.storyboard */,
				235D20A023B12B59006037EC /* TextfieldErrorShake.swift */,
			);
			path = TextfieldErrorShake;
			sourceTree = "<group>";
		};
		237660E823ADB0AE0003EC20 = {
			isa = PBXGroup;
			children = (
				237660F323ADB0AE0003EC20 /* Animations */,
				237660F223ADB0AE0003EC20 /* Products */,
			);
			sourceTree = "<group>";
		};
		237660F223ADB0AE0003EC20 /* Products */ = {
			isa = PBXGroup;
			children = (
				237660F123ADB0AE0003EC20 /* Animations.app */,
			);
			name = Products;
			sourceTree = "<group>";
		};
		237660F323ADB0AE0003EC20 /* Animations */ = {
			isa = PBXGroup;
			children = (
				2327F96323B6ED84009EE830 /* Buttons */,
				239628BE23ADB7CD008E1AA0 /* Main */,
				239628C623ADB840008E1AA0 /* Basic */,
				235D209C23B12B17006037EC /* Textfields */,
				237660F423ADB0AE0003EC20 /* AppDelegate.swift */,
				237660F623ADB0AE0003EC20 /* SceneDelegate.swift */,
				237660FD23ADB0B00003EC20 /* Assets.xcassets */,
				237660FF23ADB0B00003EC20 /* LaunchScreen.storyboard */,
				2376610223ADB0B00003EC20 /* Info.plist */,
			);
			path = Animations;
			sourceTree = "<group>";
		};
		239628BE23ADB7CD008E1AA0 /* Main */ = {
			isa = PBXGroup;
			children = (
				237660F823ADB0AE0003EC20 /* ViewController.swift */,
				237660FA23ADB0AE0003EC20 /* Main.storyboard */,
			);
			path = Main;
			sourceTree = "<group>";
		};
		239628C523ADB839008E1AA0 /* LoadingOne */ = {
			isa = PBXGroup;
			children = (
				239628BF23ADB7EF008E1AA0 /* LoadingOneViewController.swift */,
				239628C323ADB835008E1AA0 /* LoadingOne.storyboard */,
			);
			path = LoadingOne;
			sourceTree = "<group>";
		};
		239628C623ADB840008E1AA0 /* Basic */ = {
			isa = PBXGroup;
			children = (
				239628C523ADB839008E1AA0 /* LoadingOne */,
			);
			path = Basic;
			sourceTree = "<group>";
		};
/* End PBXGroup section */

/* Begin PBXNativeTarget section */
		237660F023ADB0AE0003EC20 /* Animations */ = {
			isa = PBXNativeTarget;
			buildConfigurationList = 2376610523ADB0B00003EC20 /* Build configuration list for PBXNativeTarget "Animations" */;
			buildPhases = (
				237660ED23ADB0AE0003EC20 /* Sources */,
				237660EE23ADB0AE0003EC20 /* Frameworks */,
				237660EF23ADB0AE0003EC20 /* Resources */,
			);
			buildRules = (
			);
			dependencies = (
			);
			name = Animations;
			productName = Animations;
			productReference = 237660F123ADB0AE0003EC20 /* Animations.app */;
			productType = "com.apple.product-type.application";
		};
/* End PBXNativeTarget section */

/* Begin PBXProject section */
		237660E923ADB0AE0003EC20 /* Project object */ = {
			isa = PBXProject;
			attributes = {
				LastSwiftUpdateCheck = 1100;
				LastUpgradeCheck = 1100;
				ORGANIZATIONNAME = "Leonardo Santos";
				TargetAttributes = {
					237660F023ADB0AE0003EC20 = {
						CreatedOnToolsVersion = 11.0;
					};
				};
			};
			buildConfigurationList = 237660EC23ADB0AE0003EC20 /* Build configuration list for PBXProject "Animations" */;
			compatibilityVersion = "Xcode 9.3";
			developmentRegion = en;
			hasScannedForEncodings = 0;
			knownRegions = (
				en,
				Base,
			);
			mainGroup = 237660E823ADB0AE0003EC20;
			productRefGroup = 237660F223ADB0AE0003EC20 /* Products */;
			projectDirPath = "";
			projectRoot = "";
			targets = (
				237660F023ADB0AE0003EC20 /* Animations */,
			);
		};
/* End PBXProject section */

/* Begin PBXResourcesBuildPhase section */
		237660EF23ADB0AE0003EC20 /* Resources */ = {
			isa = PBXResourcesBuildPhase;
			buildActionMask = 2147483647;
			files = (
				2327F96723B6EDFE009EE830 /* NeumorphismButtons.storyboard in Resources */,
				2376610123ADB0B00003EC20 /* LaunchScreen.storyboard in Resources */,
				239628C423ADB835008E1AA0 /* LoadingOne.storyboard in Resources */,
				237660FE23ADB0B00003EC20 /* Assets.xcassets in Resources */,
				235D209F23B12B45006037EC /* TextfieldErrorShake.storyboard in Resources */,
				237660FC23ADB0AE0003EC20 /* Main.storyboard in Resources */,
			);
			runOnlyForDeploymentPostprocessing = 0;
		};
/* End PBXResourcesBuildPhase section */

/* Begin PBXSourcesBuildPhase section */
		237660ED23ADB0AE0003EC20 /* Sources */ = {
			isa = PBXSourcesBuildPhase;
			buildActionMask = 2147483647;
			files = (
				237660F923ADB0AE0003EC20 /* ViewController.swift in Sources */,
				239628C123ADB7EF008E1AA0 /* LoadingOneViewController.swift in Sources */,
				237660F523ADB0AE0003EC20 /* AppDelegate.swift in Sources */,
				2327F96523B6EDEB009EE830 /* NeumorphismButton.swift in Sources */,
				237660F723ADB0AE0003EC20 /* SceneDelegate.swift in Sources */,
				235D20A123B12B59006037EC /* TextfieldErrorShake.swift in Sources */,
			);
			runOnlyForDeploymentPostprocessing = 0;
		};
/* End PBXSourcesBuildPhase section */

/* Begin PBXVariantGroup section */
		237660FA23ADB0AE0003EC20 /* Main.storyboard */ = {
			isa = PBXVariantGroup;
			children = (
				237660FB23ADB0AE0003EC20 /* Base */,
			);
			name = Main.storyboard;
			sourceTree = "<group>";
		};
		237660FF23ADB0B00003EC20 /* LaunchScreen.storyboard */ = {
			isa = PBXVariantGroup;
			children = (
				2376610023ADB0B00003EC20 /* Base */,
			);
			name = LaunchScreen.storyboard;
			sourceTree = "<group>";
		};
/* End PBXVariantGroup section */

/* Begin XCBuildConfiguration section */
		2376610323ADB0B00003EC20 /* Debug */ = {
			isa = XCBuildConfiguration;
			buildSettings = {
				ALWAYS_SEARCH_USER_PATHS = NO;
				CLANG_ANALYZER_NONNULL = YES;
				CLANG_ANALYZER_NUMBER_OBJECT_CONVERSION = YES_AGGRESSIVE;
				CLANG_CXX_LANGUAGE_STANDARD = "gnu++14";
				CLANG_CXX_LIBRARY = "libc++";
				CLANG_ENABLE_MODULES = YES;
				CLANG_ENABLE_OBJC_ARC = YES;
				CLANG_ENABLE_OBJC_WEAK = YES;
				CLANG_WARN_BLOCK_CAPTURE_AUTORELEASING = YES;
				CLANG_WARN_BOOL_CONVERSION = YES;
				CLANG_WARN_COMMA = YES;
				CLANG_WARN_CONSTANT_CONVERSION = YES;
				CLANG_WARN_DEPRECATED_OBJC_IMPLEMENTATIONS = YES;
				CLANG_WARN_DIRECT_OBJC_ISA_USAGE = YES_ERROR;
				CLANG_WARN_DOCUMENTATION_COMMENTS = YES;
				CLANG_WARN_EMPTY_BODY = YES;
				CLANG_WARN_ENUM_CONVERSION = YES;
				CLANG_WARN_INFINITE_RECURSION = YES;
				CLANG_WARN_INT_CONVERSION = YES;
				CLANG_WARN_NON_LITERAL_NULL_CONVERSION = YES;
				CLANG_WARN_OBJC_IMPLICIT_RETAIN_SELF = YES;
				CLANG_WARN_OBJC_LITERAL_CONVERSION = YES;
				CLANG_WARN_OBJC_ROOT_CLASS = YES_ERROR;
				CLANG_WARN_RANGE_LOOP_ANALYSIS = YES;
				CLANG_WARN_STRICT_PROTOTYPES = YES;
				CLANG_WARN_SUSPICIOUS_MOVE = YES;
				CLANG_WARN_UNGUARDED_AVAILABILITY = YES_AGGRESSIVE;
				CLANG_WARN_UNREACHABLE_CODE = YES;
				CLANG_WARN__DUPLICATE_METHOD_MATCH = YES;
				COPY_PHASE_STRIP = NO;
				DEBUG_INFORMATION_FORMAT = dwarf;
				ENABLE_STRICT_OBJC_MSGSEND = YES;
				ENABLE_TESTABILITY = YES;
				GCC_C_LANGUAGE_STANDARD = gnu11;
				GCC_DYNAMIC_NO_PIC = NO;
				GCC_NO_COMMON_BLOCKS = YES;
				GCC_OPTIMIZATION_LEVEL = 0;
				GCC_PREPROCESSOR_DEFINITIONS = (
					"DEBUG=1",
					"$(inherited)",
				);
				GCC_WARN_64_TO_32_BIT_CONVERSION = YES;
				GCC_WARN_ABOUT_RETURN_TYPE = YES_ERROR;
				GCC_WARN_UNDECLARED_SELECTOR = YES;
				GCC_WARN_UNINITIALIZED_AUTOS = YES_AGGRESSIVE;
				GCC_WARN_UNUSED_FUNCTION = YES;
				GCC_WARN_UNUSED_VARIABLE = YES;
				IPHONEOS_DEPLOYMENT_TARGET = 13.0;
				MTL_ENABLE_DEBUG_INFO = INCLUDE_SOURCE;
				MTL_FAST_MATH = YES;
				ONLY_ACTIVE_ARCH = YES;
				SDKROOT = iphoneos;
				SWIFT_ACTIVE_COMPILATION_CONDITIONS = DEBUG;
				SWIFT_OPTIMIZATION_LEVEL = "-Onone";
			};
			name = Debug;
		};
		2376610423ADB0B00003EC20 /* Release */ = {
			isa = XCBuildConfiguration;
			buildSettings = {
				ALWAYS_SEARCH_USER_PATHS = NO;
				CLANG_ANALYZER_NONNULL = YES;
				CLANG_ANALYZER_NUMBER_OBJECT_CONVERSION = YES_AGGRESSIVE;
				CLANG_CXX_LANGUAGE_STANDARD = "gnu++14";
				CLANG_CXX_LIBRARY = "libc++";
				CLANG_ENABLE_MODULES = YES;
				CLANG_ENABLE_OBJC_ARC = YES;
				CLANG_ENABLE_OBJC_WEAK = YES;
				CLANG_WARN_BLOCK_CAPTURE_AUTORELEASING = YES;
				CLANG_WARN_BOOL_CONVERSION = YES;
				CLANG_WARN_COMMA = YES;
				CLANG_WARN_CONSTANT_CONVERSION = YES;
				CLANG_WARN_DEPRECATED_OBJC_IMPLEMENTATIONS = YES;
				CLANG_WARN_DIRECT_OBJC_ISA_USAGE = YES_ERROR;
				CLANG_WARN_DOCUMENTATION_COMMENTS = YES;
				CLANG_WARN_EMPTY_BODY = YES;
				CLANG_WARN_ENUM_CONVERSION = YES;
				CLANG_WARN_INFINITE_RECURSION = YES;
				CLANG_WARN_INT_CONVERSION = YES;
				CLANG_WARN_NON_LITERAL_NULL_CONVERSION = YES;
				CLANG_WARN_OBJC_IMPLICIT_RETAIN_SELF = YES;
				CLANG_WARN_OBJC_LITERAL_CONVERSION = YES;
				CLANG_WARN_OBJC_ROOT_CLASS = YES_ERROR;
				CLANG_WARN_RANGE_LOOP_ANALYSIS = YES;
				CLANG_WARN_STRICT_PROTOTYPES = YES;
				CLANG_WARN_SUSPICIOUS_MOVE = YES;
				CLANG_WARN_UNGUARDED_AVAILABILITY = YES_AGGRESSIVE;
				CLANG_WARN_UNREACHABLE_CODE = YES;
				CLANG_WARN__DUPLICATE_METHOD_MATCH = YES;
				COPY_PHASE_STRIP = NO;
				DEBUG_INFORMATION_FORMAT = "dwarf-with-dsym";
				ENABLE_NS_ASSERTIONS = NO;
				ENABLE_STRICT_OBJC_MSGSEND = YES;
				GCC_C_LANGUAGE_STANDARD = gnu11;
				GCC_NO_COMMON_BLOCKS = YES;
				GCC_WARN_64_TO_32_BIT_CONVERSION = YES;
				GCC_WARN_ABOUT_RETURN_TYPE = YES_ERROR;
				GCC_WARN_UNDECLARED_SELECTOR = YES;
				GCC_WARN_UNINITIALIZED_AUTOS = YES_AGGRESSIVE;
				GCC_WARN_UNUSED_FUNCTION = YES;
				GCC_WARN_UNUSED_VARIABLE = YES;
				IPHONEOS_DEPLOYMENT_TARGET = 13.0;
				MTL_ENABLE_DEBUG_INFO = NO;
				MTL_FAST_MATH = YES;
				SDKROOT = iphoneos;
				SWIFT_COMPILATION_MODE = wholemodule;
				SWIFT_OPTIMIZATION_LEVEL = "-O";
				VALIDATE_PRODUCT = YES;
			};
			name = Release;
		};
		2376610623ADB0B00003EC20 /* Debug */ = {
			isa = XCBuildConfiguration;
			buildSettings = {
				ASSETCATALOG_COMPILER_APPICON_NAME = AppIcon;
				CODE_SIGN_STYLE = Automatic;
				DEVELOPMENT_TEAM = 34HR7YPNJ4;
				INFOPLIST_FILE = Animations/Info.plist;
				LD_RUNPATH_SEARCH_PATHS = (
					"$(inherited)",
					"@executable_path/Frameworks",
				);
				PRODUCT_BUNDLE_IDENTIFIER = leocoout.dev.Animations;
				PRODUCT_NAME = "$(TARGET_NAME)";
				SWIFT_VERSION = 5.0;
				TARGETED_DEVICE_FAMILY = "1,2";
			};
			name = Debug;
		};
		2376610723ADB0B00003EC20 /* Release */ = {
			isa = XCBuildConfiguration;
			buildSettings = {
				ASSETCATALOG_COMPILER_APPICON_NAME = AppIcon;
				CODE_SIGN_STYLE = Automatic;
				DEVELOPMENT_TEAM = 34HR7YPNJ4;
				INFOPLIST_FILE = Animations/Info.plist;
				LD_RUNPATH_SEARCH_PATHS = (
					"$(inherited)",
					"@executable_path/Frameworks",
				);
				PRODUCT_BUNDLE_IDENTIFIER = leocoout.dev.Animations;
				PRODUCT_NAME = "$(TARGET_NAME)";
				SWIFT_VERSION = 5.0;
				TARGETED_DEVICE_FAMILY = "1,2";
			};
			name = Release;
		};
/* End XCBuildConfiguration section */

/* Begin XCConfigurationList section */
		237660EC23ADB0AE0003EC20 /* Build configuration list for PBXProject "Animations" */ = {
			isa = XCConfigurationList;
			buildConfigurations = (
				2376610323ADB0B00003EC20 /* Debug */,
				2376610423ADB0B00003EC20 /* Release */,
			);
			defaultConfigurationIsVisible = 0;
			defaultConfigurationName = Release;
		};
		2376610523ADB0B00003EC20 /* Build configuration list for PBXNativeTarget "Animations" */ = {
			isa = XCConfigurationList;
			buildConfigurations = (
				2376610623ADB0B00003EC20 /* Debug */,
				2376610723ADB0B00003EC20 /* Release */,
			);
			defaultConfigurationIsVisible = 0;
			defaultConfigurationName = Release;
		};
/* End XCConfigurationList section */
	};
	rootObject = 237660E923ADB0AE0003EC20 /* Project object */;
}
