// !$*UTF8*$!
{
	archiveVersion = 1;
	classes = {
	};
	objectVersion = 51;
	objects = {

/* Begin PBXBuildFile section */
		23027AE123F342A0005C2FD2 /* BasicPropertyAnimatorExample.swift in Sources */ = {isa = PBXBuildFile; fileRef = 23027AE023F342A0005C2FD2 /* BasicPropertyAnimatorExample.swift */; };
		23027AE323F345EA005C2FD2 /* LottieBasicExample.swift in Sources */ = {isa = PBXBuildFile; fileRef = 23027AE223F345EA005C2FD2 /* LottieBasicExample.swift */; };
		23027AE923F34DD8005C2FD2 /* cute_guy.json in Resources */ = {isa = PBXBuildFile; fileRef = 23027AE823F34DD8005C2FD2 /* cute_guy.json */; };
		2309838223EDC64400EBBC4A /* street_animacao.json in Resources */ = {isa = PBXBuildFile; fileRef = 2309837B23EDC64400EBBC4A /* street_animacao.json */; };
		2309838323EDC64400EBBC4A /* clouds_animacao.json in Resources */ = {isa = PBXBuildFile; fileRef = 2309837C23EDC64400EBBC4A /* clouds_animacao.json */; };
		2309838423EDC64400EBBC4A /* final_animacao.json in Resources */ = {isa = PBXBuildFile; fileRef = 2309837D23EDC64400EBBC4A /* final_animacao.json */; };
		2309838523EDC64400EBBC4A /* mountain_animacao.json in Resources */ = {isa = PBXBuildFile; fileRef = 2309837E23EDC64400EBBC4A /* mountain_animacao.json */; };
		2309838623EDC64400EBBC4A /* veiculo_animacao.json in Resources */ = {isa = PBXBuildFile; fileRef = 2309837F23EDC64400EBBC4A /* veiculo_animacao.json */; };
		2309838723EDC64400EBBC4A /* floating_clouds_animacao.json in Resources */ = {isa = PBXBuildFile; fileRef = 2309838023EDC64400EBBC4A /* floating_clouds_animacao.json */; };
		2309838823EDC64400EBBC4A /* ocean_animacao.json in Resources */ = {isa = PBXBuildFile; fileRef = 2309838123EDC64400EBBC4A /* ocean_animacao.json */; };
		2309838A23EDE8E200EBBC4A /* LottieChangeStateButton.swift in Sources */ = {isa = PBXBuildFile; fileRef = 2309838923EDE8E200EBBC4A /* LottieChangeStateButton.swift */; };
		2309838E23EDF75300EBBC4A /* switch_custom.json in Resources */ = {isa = PBXBuildFile; fileRef = 2309838D23EDF75300EBBC4A /* switch_custom.json */; };
		2309839023EE564200EBBC4A /* LoadingCurvesViewController.swift in Sources */ = {isa = PBXBuildFile; fileRef = 2309838F23EE564200EBBC4A /* LoadingCurvesViewController.swift */; };
		230EEC9C23E348D400EDD6C8 /* BaseViewController.swift in Sources */ = {isa = PBXBuildFile; fileRef = 230EEC9B23E348D400EDD6C8 /* BaseViewController.swift */; };
		231E46CF23E0E5EF0075C20D /* Curves.storyboard in Resources */ = {isa = PBXBuildFile; fileRef = 231E46CE23E0E5EF0075C20D /* Curves.storyboard */; };
		231E46D223E0E60D0075C20D /* CurvesViewController.swift in Sources */ = {isa = PBXBuildFile; fileRef = 231E46D123E0E60D0075C20D /* CurvesViewController.swift */; };
		231E46D423E0E8870075C20D /* CurvesModels.swift in Sources */ = {isa = PBXBuildFile; fileRef = 231E46D323E0E8870075C20D /* CurvesModels.swift */; };
		2327F96523B6EDEB009EE830 /* NeumorphismButtonViewController.swift in Sources */ = {isa = PBXBuildFile; fileRef = 2327F96423B6EDEB009EE830 /* NeumorphismButtonViewController.swift */; };
		2346070323C8E5B0001F2F36 /* AlertsViewController.swift in Sources */ = {isa = PBXBuildFile; fileRef = 2346070223C8E5B0001F2F36 /* AlertsViewController.swift */; };
		234C811423F8B2620052D98A /* HeroBasicExample.swift in Sources */ = {isa = PBXBuildFile; fileRef = 234C811323F8B2620052D98A /* HeroBasicExample.swift */; };
		235D20A123B12B59006037EC /* TextfieldErrorShakeViewController.swift in Sources */ = {isa = PBXBuildFile; fileRef = 235D20A023B12B59006037EC /* TextfieldErrorShakeViewController.swift */; };
		23756CBA23E35BF100E77632 /* YoutubeMiniPlayer.swift in Sources */ = {isa = PBXBuildFile; fileRef = 23756CB923E35BF100E77632 /* YoutubeMiniPlayer.swift */; };
		23756CBC23E4B30F00E77632 /* TwitterMenu.swift in Sources */ = {isa = PBXBuildFile; fileRef = 23756CBB23E4B30F00E77632 /* TwitterMenu.swift */; };
		23756CBE23E4BC6800E77632 /* Colors.swift in Sources */ = {isa = PBXBuildFile; fileRef = 23756CBD23E4BC6800E77632 /* Colors.swift */; };
		237660F523ADB0AE0003EC20 /* AppDelegate.swift in Sources */ = {isa = PBXBuildFile; fileRef = 237660F423ADB0AE0003EC20 /* AppDelegate.swift */; };
		237660F723ADB0AE0003EC20 /* SceneDelegate.swift in Sources */ = {isa = PBXBuildFile; fileRef = 237660F623ADB0AE0003EC20 /* SceneDelegate.swift */; };
		237660FC23ADB0AE0003EC20 /* Main.storyboard in Resources */ = {isa = PBXBuildFile; fileRef = 237660FA23ADB0AE0003EC20 /* Main.storyboard */; };
		237660FE23ADB0B00003EC20 /* Assets.xcassets in Resources */ = {isa = PBXBuildFile; fileRef = 237660FD23ADB0B00003EC20 /* Assets.xcassets */; };
		2376610123ADB0B00003EC20 /* LaunchScreen.storyboard in Resources */ = {isa = PBXBuildFile; fileRef = 237660FF23ADB0B00003EC20 /* LaunchScreen.storyboard */; };
		237A661523FB2BD900F78FAC /* HeroMusicPlayerExample.swift in Sources */ = {isa = PBXBuildFile; fileRef = 237A661423FB2BD900F78FAC /* HeroMusicPlayerExample.swift */; };
		238FBE5023DB9623007459A7 /* UberRewardsGaugeViewController.swift in Sources */ = {isa = PBXBuildFile; fileRef = 238FBE4F23DB9623007459A7 /* UberRewardsGaugeViewController.swift */; };
		23CF48BC23D5297800055A25 /* LightBoldTextViewController.swift in Sources */ = {isa = PBXBuildFile; fileRef = 23CF48BB23D5297800055A25 /* LightBoldTextViewController.swift */; };
		23D64B0B23E8E72800A67ED6 /* LottieCarExample.swift in Sources */ = {isa = PBXBuildFile; fileRef = 23D64B0A23E8E72800A67ED6 /* LottieCarExample.swift */; };
		23D64B1223EB64BA00A67ED6 /* TextfieldShakeError.xib in Resources */ = {isa = PBXBuildFile; fileRef = 23D64B1123EB64BA00A67ED6 /* TextfieldShakeError.xib */; };
		23DCD7D123DE4C1D00E232FF /* MainViewController.swift in Sources */ = {isa = PBXBuildFile; fileRef = 23DCD7D023DE4C1D00E232FF /* MainViewController.swift */; };
		23DCD7D323DE4C9300E232FF /* MainViewControllerModels.swift in Sources */ = {isa = PBXBuildFile; fileRef = 23DCD7D223DE4C9300E232FF /* MainViewControllerModels.swift */; };
		23ECC273240D9126008A9C28 /* DetailsViewController.swift in Sources */ = {isa = PBXBuildFile; fileRef = 23ECC272240D9126008A9C28 /* DetailsViewController.swift */; };
		23ECC275240D930C008A9C28 /* ViewControllerType.swift in Sources */ = {isa = PBXBuildFile; fileRef = 23ECC274240D930C008A9C28 /* ViewControllerType.swift */; };
		23FD6F2723FA009100ADA093 /* LottieCustomPullToRefresh.swift in Sources */ = {isa = PBXBuildFile; fileRef = 23FD6F2623FA009100ADA093 /* LottieCustomPullToRefresh.swift */; };
		5C1EBC454691FC21243E9793 /* Pods_Animations.framework in Frameworks */ = {isa = PBXBuildFile; fileRef = 5C3972D615B5C2A8A6A99F31 /* Pods_Animations.framework */; };
/* End PBXBuildFile section */

/* Begin PBXFileReference section */
		23027AE023F342A0005C2FD2 /* BasicPropertyAnimatorExample.swift */ = {isa = PBXFileReference; lastKnownFileType = sourcecode.swift; path = BasicPropertyAnimatorExample.swift; sourceTree = "<group>"; };
		23027AE223F345EA005C2FD2 /* LottieBasicExample.swift */ = {isa = PBXFileReference; lastKnownFileType = sourcecode.swift; path = LottieBasicExample.swift; sourceTree = "<group>"; };
		23027AE823F34DD8005C2FD2 /* cute_guy.json */ = {isa = PBXFileReference; fileEncoding = 4; lastKnownFileType = text.json; path = cute_guy.json; sourceTree = "<group>"; };
		2309837B23EDC64400EBBC4A /* street_animacao.json */ = {isa = PBXFileReference; fileEncoding = 4; lastKnownFileType = text.json; path = street_animacao.json; sourceTree = "<group>"; };
		2309837C23EDC64400EBBC4A /* clouds_animacao.json */ = {isa = PBXFileReference; fileEncoding = 4; lastKnownFileType = text.json; path = clouds_animacao.json; sourceTree = "<group>"; };
		2309837D23EDC64400EBBC4A /* final_animacao.json */ = {isa = PBXFileReference; fileEncoding = 4; lastKnownFileType = text.json; path = final_animacao.json; sourceTree = "<group>"; };
		2309837E23EDC64400EBBC4A /* mountain_animacao.json */ = {isa = PBXFileReference; fileEncoding = 4; lastKnownFileType = text.json; path = mountain_animacao.json; sourceTree = "<group>"; };
		2309837F23EDC64400EBBC4A /* veiculo_animacao.json */ = {isa = PBXFileReference; fileEncoding = 4; lastKnownFileType = text.json; path = veiculo_animacao.json; sourceTree = "<group>"; };
		2309838023EDC64400EBBC4A /* floating_clouds_animacao.json */ = {isa = PBXFileReference; fileEncoding = 4; lastKnownFileType = text.json; path = floating_clouds_animacao.json; sourceTree = "<group>"; };
		2309838123EDC64400EBBC4A /* ocean_animacao.json */ = {isa = PBXFileReference; fileEncoding = 4; lastKnownFileType = text.json; path = ocean_animacao.json; sourceTree = "<group>"; };
		2309838923EDE8E200EBBC4A /* LottieChangeStateButton.swift */ = {isa = PBXFileReference; lastKnownFileType = sourcecode.swift; path = LottieChangeStateButton.swift; sourceTree = "<group>"; };
		2309838D23EDF75300EBBC4A /* switch_custom.json */ = {isa = PBXFileReference; fileEncoding = 4; lastKnownFileType = text.json; path = switch_custom.json; sourceTree = "<group>"; };
		2309838F23EE564200EBBC4A /* LoadingCurvesViewController.swift */ = {isa = PBXFileReference; lastKnownFileType = sourcecode.swift; path = LoadingCurvesViewController.swift; sourceTree = "<group>"; };
		230EEC9B23E348D400EDD6C8 /* BaseViewController.swift */ = {isa = PBXFileReference; lastKnownFileType = sourcecode.swift; path = BaseViewController.swift; sourceTree = "<group>"; };
		231E46CE23E0E5EF0075C20D /* Curves.storyboard */ = {isa = PBXFileReference; lastKnownFileType = file.storyboard; path = Curves.storyboard; sourceTree = "<group>"; };
		231E46D123E0E60D0075C20D /* CurvesViewController.swift */ = {isa = PBXFileReference; lastKnownFileType = sourcecode.swift; path = CurvesViewController.swift; sourceTree = "<group>"; };
		231E46D323E0E8870075C20D /* CurvesModels.swift */ = {isa = PBXFileReference; lastKnownFileType = sourcecode.swift; path = CurvesModels.swift; sourceTree = "<group>"; };
		2327F96423B6EDEB009EE830 /* NeumorphismButtonViewController.swift */ = {isa = PBXFileReference; lastKnownFileType = sourcecode.swift; path = NeumorphismButtonViewController.swift; sourceTree = "<group>"; };
		2346070223C8E5B0001F2F36 /* AlertsViewController.swift */ = {isa = PBXFileReference; lastKnownFileType = sourcecode.swift; path = AlertsViewController.swift; sourceTree = "<group>"; };
		234C811323F8B2620052D98A /* HeroBasicExample.swift */ = {isa = PBXFileReference; lastKnownFileType = sourcecode.swift; path = HeroBasicExample.swift; sourceTree = "<group>"; };
		235D20A023B12B59006037EC /* TextfieldErrorShakeViewController.swift */ = {isa = PBXFileReference; lastKnownFileType = sourcecode.swift; path = TextfieldErrorShakeViewController.swift; sourceTree = "<group>"; };
		23756CB923E35BF100E77632 /* YoutubeMiniPlayer.swift */ = {isa = PBXFileReference; lastKnownFileType = sourcecode.swift; path = YoutubeMiniPlayer.swift; sourceTree = "<group>"; };
		23756CBB23E4B30F00E77632 /* TwitterMenu.swift */ = {isa = PBXFileReference; lastKnownFileType = sourcecode.swift; path = TwitterMenu.swift; sourceTree = "<group>"; };
		23756CBD23E4BC6800E77632 /* Colors.swift */ = {isa = PBXFileReference; lastKnownFileType = sourcecode.swift; path = Colors.swift; sourceTree = "<group>"; };
		237660F123ADB0AE0003EC20 /* Animations.app */ = {isa = PBXFileReference; explicitFileType = wrapper.application; includeInIndex = 0; path = Animations.app; sourceTree = BUILT_PRODUCTS_DIR; };
		237660F423ADB0AE0003EC20 /* AppDelegate.swift */ = {isa = PBXFileReference; lastKnownFileType = sourcecode.swift; path = AppDelegate.swift; sourceTree = "<group>"; };
		237660F623ADB0AE0003EC20 /* SceneDelegate.swift */ = {isa = PBXFileReference; lastKnownFileType = sourcecode.swift; path = SceneDelegate.swift; sourceTree = "<group>"; };
		237660FB23ADB0AE0003EC20 /* Base */ = {isa = PBXFileReference; lastKnownFileType = file.storyboard; name = Base; path = Base.lproj/Main.storyboard; sourceTree = "<group>"; };
		237660FD23ADB0B00003EC20 /* Assets.xcassets */ = {isa = PBXFileReference; lastKnownFileType = folder.assetcatalog; path = Assets.xcassets; sourceTree = "<group>"; };
		2376610023ADB0B00003EC20 /* Base */ = {isa = PBXFileReference; lastKnownFileType = file.storyboard; name = Base; path = Base.lproj/LaunchScreen.storyboard; sourceTree = "<group>"; };
		2376610223ADB0B00003EC20 /* Info.plist */ = {isa = PBXFileReference; lastKnownFileType = text.plist.xml; path = Info.plist; sourceTree = "<group>"; };
		237A661423FB2BD900F78FAC /* HeroMusicPlayerExample.swift */ = {isa = PBXFileReference; lastKnownFileType = sourcecode.swift; path = HeroMusicPlayerExample.swift; sourceTree = "<group>"; };
		238FBE4F23DB9623007459A7 /* UberRewardsGaugeViewController.swift */ = {isa = PBXFileReference; lastKnownFileType = sourcecode.swift; path = UberRewardsGaugeViewController.swift; sourceTree = "<group>"; };
		23CF48BB23D5297800055A25 /* LightBoldTextViewController.swift */ = {isa = PBXFileReference; lastKnownFileType = sourcecode.swift; path = LightBoldTextViewController.swift; sourceTree = "<group>"; };
		23D64B0A23E8E72800A67ED6 /* LottieCarExample.swift */ = {isa = PBXFileReference; lastKnownFileType = sourcecode.swift; path = LottieCarExample.swift; sourceTree = "<group>"; };
		23D64B1123EB64BA00A67ED6 /* TextfieldShakeError.xib */ = {isa = PBXFileReference; lastKnownFileType = file.xib; path = TextfieldShakeError.xib; sourceTree = "<group>"; };
		23DCD7D023DE4C1D00E232FF /* MainViewController.swift */ = {isa = PBXFileReference; lastKnownFileType = sourcecode.swift; path = MainViewController.swift; sourceTree = "<group>"; };
		23DCD7D223DE4C9300E232FF /* MainViewControllerModels.swift */ = {isa = PBXFileReference; lastKnownFileType = sourcecode.swift; path = MainViewControllerModels.swift; sourceTree = "<group>"; };
		23ECC272240D9126008A9C28 /* DetailsViewController.swift */ = {isa = PBXFileReference; lastKnownFileType = sourcecode.swift; path = DetailsViewController.swift; sourceTree = "<group>"; };
		23ECC274240D930C008A9C28 /* ViewControllerType.swift */ = {isa = PBXFileReference; lastKnownFileType = sourcecode.swift; path = ViewControllerType.swift; sourceTree = "<group>"; };
		23FD6F2623FA009100ADA093 /* LottieCustomPullToRefresh.swift */ = {isa = PBXFileReference; lastKnownFileType = sourcecode.swift; path = LottieCustomPullToRefresh.swift; sourceTree = "<group>"; };
		5C3972D615B5C2A8A6A99F31 /* Pods_Animations.framework */ = {isa = PBXFileReference; explicitFileType = wrapper.framework; includeInIndex = 0; path = Pods_Animations.framework; sourceTree = BUILT_PRODUCTS_DIR; };
		6919A94F09583C063B7BB314 /* Pods-Animations.release.xcconfig */ = {isa = PBXFileReference; includeInIndex = 1; lastKnownFileType = text.xcconfig; name = "Pods-Animations.release.xcconfig"; path = "Target Support Files/Pods-Animations/Pods-Animations.release.xcconfig"; sourceTree = "<group>"; };
		B6E91C8FEEED45671736DBEA /* Pods-Animations.debug.xcconfig */ = {isa = PBXFileReference; includeInIndex = 1; lastKnownFileType = text.xcconfig; name = "Pods-Animations.debug.xcconfig"; path = "Target Support Files/Pods-Animations/Pods-Animations.debug.xcconfig"; sourceTree = "<group>"; };
/* End PBXFileReference section */

/* Begin PBXFrameworksBuildPhase section */
		237660EE23ADB0AE0003EC20 /* Frameworks */ = {
			isa = PBXFrameworksBuildPhase;
			buildActionMask = 2147483647;
			files = (
				5C1EBC454691FC21243E9793 /* Pods_Animations.framework in Frameworks */,
			);
			runOnlyForDeploymentPostprocessing = 0;
		};
/* End PBXFrameworksBuildPhase section */

/* Begin PBXGroup section */
		2309835E23EC568900EBBC4A /* Animations */ = {
			isa = PBXGroup;
			children = (
				2309837C23EDC64400EBBC4A /* clouds_animacao.json */,
				2309837D23EDC64400EBBC4A /* final_animacao.json */,
				2309838023EDC64400EBBC4A /* floating_clouds_animacao.json */,
				2309837E23EDC64400EBBC4A /* mountain_animacao.json */,
				2309838D23EDF75300EBBC4A /* switch_custom.json */,
				2309838123EDC64400EBBC4A /* ocean_animacao.json */,
				2309837B23EDC64400EBBC4A /* street_animacao.json */,
				2309837F23EDC64400EBBC4A /* veiculo_animacao.json */,
				23027AE823F34DD8005C2FD2 /* cute_guy.json */,
			);
			path = Animations;
			sourceTree = "<group>";
		};
		231E46CD23E0E5E40075C20D /* Curves */ = {
			isa = PBXGroup;
			children = (
				231E46CE23E0E5EF0075C20D /* Curves.storyboard */,
			);
			path = Curves;
			sourceTree = "<group>";
		};
		234C811223F8B2550052D98A /* Hero */ = {
			isa = PBXGroup;
			children = (
				234C811323F8B2620052D98A /* HeroBasicExample.swift */,
				237A661423FB2BD900F78FAC /* HeroMusicPlayerExample.swift */,
			);
			path = Hero;
			sourceTree = "<group>";
		};
		23756CB823E3576300E77632 /* UIViewPropertyAnimator */ = {
			isa = PBXGroup;
			children = (
				23756CB923E35BF100E77632 /* YoutubeMiniPlayer.swift */,
				23027AE023F342A0005C2FD2 /* BasicPropertyAnimatorExample.swift */,
			);
			path = UIViewPropertyAnimator;
			sourceTree = "<group>";
		};
		237660E823ADB0AE0003EC20 = {
			isa = PBXGroup;
			children = (
				237660F323ADB0AE0003EC20 /* Animations */,
				237660F223ADB0AE0003EC20 /* Products */,
				2ED71B50CE3AB8CFE1DE98C7 /* Pods */,
				D91FCC0A243CC9EFB2B00AC2 /* Frameworks */,
			);
			sourceTree = "<group>";
		};
		237660F223ADB0AE0003EC20 /* Products */ = {
			isa = PBXGroup;
			children = (
				237660F123ADB0AE0003EC20 /* Animations.app */,
			);
			name = Products;
			sourceTree = "<group>";
		};
		237660F323ADB0AE0003EC20 /* Animations */ = {
			isa = PBXGroup;
			children = (
				2309835E23EC568900EBBC4A /* Animations */,
				238FBE4123DB796F007459A7 /* Models */,
				238FBE3F23DB78D9007459A7 /* Controllers */,
				238FBE4023DB792D007459A7 /* Views */,
				237660FA23ADB0AE0003EC20 /* Main.storyboard */,
				23DCD7D023DE4C1D00E232FF /* MainViewController.swift */,
				230EEC9B23E348D400EDD6C8 /* BaseViewController.swift */,
				237660F423ADB0AE0003EC20 /* AppDelegate.swift */,
				237660F623ADB0AE0003EC20 /* SceneDelegate.swift */,
				237660FD23ADB0B00003EC20 /* Assets.xcassets */,
				237660FF23ADB0B00003EC20 /* LaunchScreen.storyboard */,
				2376610223ADB0B00003EC20 /* Info.plist */,
				23756CBD23E4BC6800E77632 /* Colors.swift */,
			);
			path = Animations;
			sourceTree = "<group>";
		};
		238FBE3F23DB78D9007459A7 /* Controllers */ = {
			isa = PBXGroup;
			children = (
				23ECC271240D910A008A9C28 /* Details */,
				23DCD7E923E0DB4400E232FF /* UIViewAnimate */,
				23756CB823E3576300E77632 /* UIViewPropertyAnimator */,
				234C811223F8B2550052D98A /* Hero */,
				23D64B0923E8E71800A67ED6 /* Lottie */,
				238FBE4623DB90B1007459A7 /* Formatter */,
				238FBE4423DB90A7007459A7 /* Buttons */,
			);
			path = Controllers;
			sourceTree = "<group>";
		};
		238FBE4023DB792D007459A7 /* Views */ = {
			isa = PBXGroup;
			children = (
				23DCD7E723E0DB1500E232FF /* UIView Animate */,
			);
			path = Views;
			sourceTree = "<group>";
		};
		238FBE4123DB796F007459A7 /* Models */ = {
			isa = PBXGroup;
			children = (
				23DCD7D223DE4C9300E232FF /* MainViewControllerModels.swift */,
				231E46D323E0E8870075C20D /* CurvesModels.swift */,
				23ECC274240D930C008A9C28 /* ViewControllerType.swift */,
			);
			path = Models;
			sourceTree = "<group>";
		};
		238FBE4423DB90A7007459A7 /* Buttons */ = {
			isa = PBXGroup;
			children = (
				2327F96423B6EDEB009EE830 /* NeumorphismButtonViewController.swift */,
			);
			path = Buttons;
			sourceTree = "<group>";
		};
		238FBE4623DB90B1007459A7 /* Formatter */ = {
			isa = PBXGroup;
			children = (
				23CF48BB23D5297800055A25 /* LightBoldTextViewController.swift */,
			);
			path = Formatter;
			sourceTree = "<group>";
		};
		23D64B0923E8E71800A67ED6 /* Lottie */ = {
			isa = PBXGroup;
			children = (
				23D64B0A23E8E72800A67ED6 /* LottieCarExample.swift */,
				2309838923EDE8E200EBBC4A /* LottieChangeStateButton.swift */,
				23027AE223F345EA005C2FD2 /* LottieBasicExample.swift */,
				23FD6F2623FA009100ADA093 /* LottieCustomPullToRefresh.swift */,
			);
			path = Lottie;
			sourceTree = "<group>";
		};
		23DCD7E723E0DB1500E232FF /* UIView Animate */ = {
			isa = PBXGroup;
			children = (
				231E46CD23E0E5E40075C20D /* Curves */,
				23D64B1123EB64BA00A67ED6 /* TextfieldShakeError.xib */,
			);
			path = "UIView Animate";
			sourceTree = "<group>";
		};
		23DCD7E923E0DB4400E232FF /* UIViewAnimate */ = {
			isa = PBXGroup;
			children = (
				231E46D123E0E60D0075C20D /* CurvesViewController.swift */,
				235D20A023B12B59006037EC /* TextfieldErrorShakeViewController.swift */,
				2346070223C8E5B0001F2F36 /* AlertsViewController.swift */,
				238FBE4F23DB9623007459A7 /* UberRewardsGaugeViewController.swift */,
				23756CBB23E4B30F00E77632 /* TwitterMenu.swift */,
				2309838F23EE564200EBBC4A /* LoadingCurvesViewController.swift */,
			);
			path = UIViewAnimate;
			sourceTree = "<group>";
		};
		23ECC271240D910A008A9C28 /* Details */ = {
			isa = PBXGroup;
			children = (
				23ECC272240D9126008A9C28 /* DetailsViewController.swift */,
			);
			path = Details;
			sourceTree = "<group>";
		};
		2ED71B50CE3AB8CFE1DE98C7 /* Pods */ = {
			isa = PBXGroup;
			children = (
				B6E91C8FEEED45671736DBEA /* Pods-Animations.debug.xcconfig */,
				6919A94F09583C063B7BB314 /* Pods-Animations.release.xcconfig */,
			);
			path = Pods;
			sourceTree = "<group>";
		};
		D91FCC0A243CC9EFB2B00AC2 /* Frameworks */ = {
			isa = PBXGroup;
			children = (
				5C3972D615B5C2A8A6A99F31 /* Pods_Animations.framework */,
			);
			name = Frameworks;
			sourceTree = "<group>";
		};
/* End PBXGroup section */

/* Begin PBXNativeTarget section */
		237660F023ADB0AE0003EC20 /* Animations */ = {
			isa = PBXNativeTarget;
			buildConfigurationList = 2376610523ADB0B00003EC20 /* Build configuration list for PBXNativeTarget "Animations" */;
			buildPhases = (
				C7545DD5982437AA9B904BB9 /* [CP] Check Pods Manifest.lock */,
				237660ED23ADB0AE0003EC20 /* Sources */,
				237660EE23ADB0AE0003EC20 /* Frameworks */,
				237660EF23ADB0AE0003EC20 /* Resources */,
				59A2138BF3B91F79D8EE60A4 /* [CP] Embed Pods Frameworks */,
			);
			buildRules = (
			);
			dependencies = (
			);
			name = Animations;
			productName = Animations;
			productReference = 237660F123ADB0AE0003EC20 /* Animations.app */;
			productType = "com.apple.product-type.application";
		};
/* End PBXNativeTarget section */

/* Begin PBXProject section */
		237660E923ADB0AE0003EC20 /* Project object */ = {
			isa = PBXProject;
			attributes = {
				LastSwiftUpdateCheck = 1100;
				LastUpgradeCheck = 1100;
				ORGANIZATIONNAME = "Leonardo Santos";
				TargetAttributes = {
					237660F023ADB0AE0003EC20 = {
						CreatedOnToolsVersion = 11.0;
					};
				};
			};
			buildConfigurationList = 237660EC23ADB0AE0003EC20 /* Build configuration list for PBXProject "Animations" */;
			compatibilityVersion = "Xcode 9.3";
			developmentRegion = en;
			hasScannedForEncodings = 0;
			knownRegions = (
				en,
				Base,
			);
			mainGroup = 237660E823ADB0AE0003EC20;
			productRefGroup = 237660F223ADB0AE0003EC20 /* Products */;
			projectDirPath = "";
			projectRoot = "";
			targets = (
				237660F023ADB0AE0003EC20 /* Animations */,
			);
		};
/* End PBXProject section */

/* Begin PBXResourcesBuildPhase section */
		237660EF23ADB0AE0003EC20 /* Resources */ = {
			isa = PBXResourcesBuildPhase;
			buildActionMask = 2147483647;
			files = (
				2376610123ADB0B00003EC20 /* LaunchScreen.storyboard in Resources */,
				23D64B1223EB64BA00A67ED6 /* TextfieldShakeError.xib in Resources */,
				2309838E23EDF75300EBBC4A /* switch_custom.json in Resources */,
				2309838223EDC64400EBBC4A /* street_animacao.json in Resources */,
				237660FE23ADB0B00003EC20 /* Assets.xcassets in Resources */,
				2309838423EDC64400EBBC4A /* final_animacao.json in Resources */,
				2309838723EDC64400EBBC4A /* floating_clouds_animacao.json in Resources */,
				2309838623EDC64400EBBC4A /* veiculo_animacao.json in Resources */,
				23027AE923F34DD8005C2FD2 /* cute_guy.json in Resources */,
				231E46CF23E0E5EF0075C20D /* Curves.storyboard in Resources */,
				2309838323EDC64400EBBC4A /* clouds_animacao.json in Resources */,
				2309838823EDC64400EBBC4A /* ocean_animacao.json in Resources */,
				237660FC23ADB0AE0003EC20 /* Main.storyboard in Resources */,
				2309838523EDC64400EBBC4A /* mountain_animacao.json in Resources */,
			);
			runOnlyForDeploymentPostprocessing = 0;
		};
/* End PBXResourcesBuildPhase section */

/* Begin PBXShellScriptBuildPhase section */
		59A2138BF3B91F79D8EE60A4 /* [CP] Embed Pods Frameworks */ = {
			isa = PBXShellScriptBuildPhase;
			buildActionMask = 2147483647;
			files = (
			);
			inputFileListPaths = (
				"${PODS_ROOT}/Target Support Files/Pods-Animations/Pods-Animations-frameworks-${CONFIGURATION}-input-files.xcfilelist",
			);
			name = "[CP] Embed Pods Frameworks";
			outputFileListPaths = (
				"${PODS_ROOT}/Target Support Files/Pods-Animations/Pods-Animations-frameworks-${CONFIGURATION}-output-files.xcfilelist",
			);
			runOnlyForDeploymentPostprocessing = 0;
			shellPath = /bin/sh;
			shellScript = "\"${PODS_ROOT}/Target Support Files/Pods-Animations/Pods-Animations-frameworks.sh\"\n";
			showEnvVarsInLog = 0;
		};
		C7545DD5982437AA9B904BB9 /* [CP] Check Pods Manifest.lock */ = {
			isa = PBXShellScriptBuildPhase;
			buildActionMask = 2147483647;
			files = (
			);
			inputFileListPaths = (
			);
			inputPaths = (
				"${PODS_PODFILE_DIR_PATH}/Podfile.lock",
				"${PODS_ROOT}/Manifest.lock",
			);
			name = "[CP] Check Pods Manifest.lock";
			outputFileListPaths = (
			);
			outputPaths = (
				"$(DERIVED_FILE_DIR)/Pods-Animations-checkManifestLockResult.txt",
			);
			runOnlyForDeploymentPostprocessing = 0;
			shellPath = /bin/sh;
			shellScript = "diff \"${PODS_PODFILE_DIR_PATH}/Podfile.lock\" \"${PODS_ROOT}/Manifest.lock\" > /dev/null\nif [ $? != 0 ] ; then\n    # print error to STDERR\n    echo \"error: The sandbox is not in sync with the Podfile.lock. Run 'pod install' or update your CocoaPods installation.\" >&2\n    exit 1\nfi\n# This output is used by Xcode 'outputs' to avoid re-running this script phase.\necho \"SUCCESS\" > \"${SCRIPT_OUTPUT_FILE_0}\"\n";
			showEnvVarsInLog = 0;
		};
/* End PBXShellScriptBuildPhase section */

/* Begin PBXSourcesBuildPhase section */
		237660ED23ADB0AE0003EC20 /* Sources */ = {
			isa = PBXSourcesBuildPhase;
			buildActionMask = 2147483647;
			files = (
				238FBE5023DB9623007459A7 /* UberRewardsGaugeViewController.swift in Sources */,
				23027AE323F345EA005C2FD2 /* LottieBasicExample.swift in Sources */,
				237660F523ADB0AE0003EC20 /* AppDelegate.swift in Sources */,
				23FD6F2723FA009100ADA093 /* LottieCustomPullToRefresh.swift in Sources */,
				23756CBA23E35BF100E77632 /* YoutubeMiniPlayer.swift in Sources */,
				230EEC9C23E348D400EDD6C8 /* BaseViewController.swift in Sources */,
				231E46D223E0E60D0075C20D /* CurvesViewController.swift in Sources */,
				23DCD7D323DE4C9300E232FF /* MainViewControllerModels.swift in Sources */,
				237A661523FB2BD900F78FAC /* HeroMusicPlayerExample.swift in Sources */,
				23756CBC23E4B30F00E77632 /* TwitterMenu.swift in Sources */,
				2309838A23EDE8E200EBBC4A /* LottieChangeStateButton.swift in Sources */,
				2309839023EE564200EBBC4A /* LoadingCurvesViewController.swift in Sources */,
				23ECC275240D930C008A9C28 /* ViewControllerType.swift in Sources */,
				2327F96523B6EDEB009EE830 /* NeumorphismButtonViewController.swift in Sources */,
				23756CBE23E4BC6800E77632 /* Colors.swift in Sources */,
				23CF48BC23D5297800055A25 /* LightBoldTextViewController.swift in Sources */,
				2346070323C8E5B0001F2F36 /* AlertsViewController.swift in Sources */,
				23DCD7D123DE4C1D00E232FF /* MainViewController.swift in Sources */,
				23027AE123F342A0005C2FD2 /* BasicPropertyAnimatorExample.swift in Sources */,
				231E46D423E0E8870075C20D /* CurvesModels.swift in Sources */,
				23ECC273240D9126008A9C28 /* DetailsViewController.swift in Sources */,
				237660F723ADB0AE0003EC20 /* SceneDelegate.swift in Sources */,
				235D20A123B12B59006037EC /* TextfieldErrorShakeViewController.swift in Sources */,
				234C811423F8B2620052D98A /* HeroBasicExample.swift in Sources */,
				23D64B0B23E8E72800A67ED6 /* LottieCarExample.swift in Sources */,
			);
			runOnlyForDeploymentPostprocessing = 0;
		};
/* End PBXSourcesBuildPhase section */

/* Begin PBXVariantGroup section */
		237660FA23ADB0AE0003EC20 /* Main.storyboard */ = {
			isa = PBXVariantGroup;
			children = (
				237660FB23ADB0AE0003EC20 /* Base */,
			);
			name = Main.storyboard;
			sourceTree = "<group>";
		};
		237660FF23ADB0B00003EC20 /* LaunchScreen.storyboard */ = {
			isa = PBXVariantGroup;
			children = (
				2376610023ADB0B00003EC20 /* Base */,
			);
			name = LaunchScreen.storyboard;
			sourceTree = "<group>";
		};
/* End PBXVariantGroup section */

/* Begin XCBuildConfiguration section */
		2376610323ADB0B00003EC20 /* Debug */ = {
			isa = XCBuildConfiguration;
			buildSettings = {
				ALWAYS_SEARCH_USER_PATHS = NO;
				CLANG_ANALYZER_NONNULL = YES;
				CLANG_ANALYZER_NUMBER_OBJECT_CONVERSION = YES_AGGRESSIVE;
				CLANG_CXX_LANGUAGE_STANDARD = "gnu++14";
				CLANG_CXX_LIBRARY = "libc++";
				CLANG_ENABLE_MODULES = YES;
				CLANG_ENABLE_OBJC_ARC = YES;
				CLANG_ENABLE_OBJC_WEAK = YES;
				CLANG_WARN_BLOCK_CAPTURE_AUTORELEASING = YES;
				CLANG_WARN_BOOL_CONVERSION = YES;
				CLANG_WARN_COMMA = YES;
				CLANG_WARN_CONSTANT_CONVERSION = YES;
				CLANG_WARN_DEPRECATED_OBJC_IMPLEMENTATIONS = YES;
				CLANG_WARN_DIRECT_OBJC_ISA_USAGE = YES_ERROR;
				CLANG_WARN_DOCUMENTATION_COMMENTS = YES;
				CLANG_WARN_EMPTY_BODY = YES;
				CLANG_WARN_ENUM_CONVERSION = YES;
				CLANG_WARN_INFINITE_RECURSION = YES;
				CLANG_WARN_INT_CONVERSION = YES;
				CLANG_WARN_NON_LITERAL_NULL_CONVERSION = YES;
				CLANG_WARN_OBJC_IMPLICIT_RETAIN_SELF = YES;
				CLANG_WARN_OBJC_LITERAL_CONVERSION = YES;
				CLANG_WARN_OBJC_ROOT_CLASS = YES_ERROR;
				CLANG_WARN_RANGE_LOOP_ANALYSIS = YES;
				CLANG_WARN_STRICT_PROTOTYPES = YES;
				CLANG_WARN_SUSPICIOUS_MOVE = YES;
				CLANG_WARN_UNGUARDED_AVAILABILITY = YES_AGGRESSIVE;
				CLANG_WARN_UNREACHABLE_CODE = YES;
				CLANG_WARN__DUPLICATE_METHOD_MATCH = YES;
				COPY_PHASE_STRIP = NO;
				DEBUG_INFORMATION_FORMAT = dwarf;
				ENABLE_STRICT_OBJC_MSGSEND = YES;
				ENABLE_TESTABILITY = YES;
				GCC_C_LANGUAGE_STANDARD = gnu11;
				GCC_DYNAMIC_NO_PIC = NO;
				GCC_NO_COMMON_BLOCKS = YES;
				GCC_OPTIMIZATION_LEVEL = 0;
				GCC_PREPROCESSOR_DEFINITIONS = (
					"DEBUG=1",
					"$(inherited)",
				);
				GCC_WARN_64_TO_32_BIT_CONVERSION = YES;
				GCC_WARN_ABOUT_RETURN_TYPE = YES_ERROR;
				GCC_WARN_UNDECLARED_SELECTOR = YES;
				GCC_WARN_UNINITIALIZED_AUTOS = YES_AGGRESSIVE;
				GCC_WARN_UNUSED_FUNCTION = YES;
				GCC_WARN_UNUSED_VARIABLE = YES;
				IPHONEOS_DEPLOYMENT_TARGET = 13.0;
				MTL_ENABLE_DEBUG_INFO = INCLUDE_SOURCE;
				MTL_FAST_MATH = YES;
				ONLY_ACTIVE_ARCH = YES;
				SDKROOT = iphoneos;
				SWIFT_ACTIVE_COMPILATION_CONDITIONS = DEBUG;
				SWIFT_OPTIMIZATION_LEVEL = "-Onone";
			};
			name = Debug;
		};
		2376610423ADB0B00003EC20 /* Release */ = {
			isa = XCBuildConfiguration;
			buildSettings = {
				ALWAYS_SEARCH_USER_PATHS = NO;
				CLANG_ANALYZER_NONNULL = YES;
				CLANG_ANALYZER_NUMBER_OBJECT_CONVERSION = YES_AGGRESSIVE;
				CLANG_CXX_LANGUAGE_STANDARD = "gnu++14";
				CLANG_CXX_LIBRARY = "libc++";
				CLANG_ENABLE_MODULES = YES;
				CLANG_ENABLE_OBJC_ARC = YES;
				CLANG_ENABLE_OBJC_WEAK = YES;
				CLANG_WARN_BLOCK_CAPTURE_AUTORELEASING = YES;
				CLANG_WARN_BOOL_CONVERSION = YES;
				CLANG_WARN_COMMA = YES;
				CLANG_WARN_CONSTANT_CONVERSION = YES;
				CLANG_WARN_DEPRECATED_OBJC_IMPLEMENTATIONS = YES;
				CLANG_WARN_DIRECT_OBJC_ISA_USAGE = YES_ERROR;
				CLANG_WARN_DOCUMENTATION_COMMENTS = YES;
				CLANG_WARN_EMPTY_BODY = YES;
				CLANG_WARN_ENUM_CONVERSION = YES;
				CLANG_WARN_INFINITE_RECURSION = YES;
				CLANG_WARN_INT_CONVERSION = YES;
				CLANG_WARN_NON_LITERAL_NULL_CONVERSION = YES;
				CLANG_WARN_OBJC_IMPLICIT_RETAIN_SELF = YES;
				CLANG_WARN_OBJC_LITERAL_CONVERSION = YES;
				CLANG_WARN_OBJC_ROOT_CLASS = YES_ERROR;
				CLANG_WARN_RANGE_LOOP_ANALYSIS = YES;
				CLANG_WARN_STRICT_PROTOTYPES = YES;
				CLANG_WARN_SUSPICIOUS_MOVE = YES;
				CLANG_WARN_UNGUARDED_AVAILABILITY = YES_AGGRESSIVE;
				CLANG_WARN_UNREACHABLE_CODE = YES;
				CLANG_WARN__DUPLICATE_METHOD_MATCH = YES;
				COPY_PHASE_STRIP = NO;
				DEBUG_INFORMATION_FORMAT = "dwarf-with-dsym";
				ENABLE_NS_ASSERTIONS = NO;
				ENABLE_STRICT_OBJC_MSGSEND = YES;
				GCC_C_LANGUAGE_STANDARD = gnu11;
				GCC_NO_COMMON_BLOCKS = YES;
				GCC_WARN_64_TO_32_BIT_CONVERSION = YES;
				GCC_WARN_ABOUT_RETURN_TYPE = YES_ERROR;
				GCC_WARN_UNDECLARED_SELECTOR = YES;
				GCC_WARN_UNINITIALIZED_AUTOS = YES_AGGRESSIVE;
				GCC_WARN_UNUSED_FUNCTION = YES;
				GCC_WARN_UNUSED_VARIABLE = YES;
				IPHONEOS_DEPLOYMENT_TARGET = 13.0;
				MTL_ENABLE_DEBUG_INFO = NO;
				MTL_FAST_MATH = YES;
				SDKROOT = iphoneos;
				SWIFT_COMPILATION_MODE = wholemodule;
				SWIFT_OPTIMIZATION_LEVEL = "-O";
				VALIDATE_PRODUCT = YES;
			};
			name = Release;
		};
		2376610623ADB0B00003EC20 /* Debug */ = {
			isa = XCBuildConfiguration;
			baseConfigurationReference = B6E91C8FEEED45671736DBEA /* Pods-Animations.debug.xcconfig */;
			buildSettings = {
				ASSETCATALOG_COMPILER_APPICON_NAME = AppIcon;
				CODE_SIGN_STYLE = Automatic;
				DEVELOPMENT_TEAM = 34HR7YPNJ4;
				INFOPLIST_FILE = Animations/Info.plist;
				LD_RUNPATH_SEARCH_PATHS = (
					"$(inherited)",
					"@executable_path/Frameworks",
				);
				PRODUCT_BUNDLE_IDENTIFIER = leocoout.dev.Animations;
				PRODUCT_NAME = "$(TARGET_NAME)";
				SWIFT_VERSION = 5.0;
				TARGETED_DEVICE_FAMILY = "1,2";
			};
			name = Debug;
		};
		2376610723ADB0B00003EC20 /* Release */ = {
			isa = XCBuildConfiguration;
			baseConfigurationReference = 6919A94F09583C063B7BB314 /* Pods-Animations.release.xcconfig */;
			buildSettings = {
				ASSETCATALOG_COMPILER_APPICON_NAME = AppIcon;
				CODE_SIGN_STYLE = Automatic;
				DEVELOPMENT_TEAM = 34HR7YPNJ4;
				INFOPLIST_FILE = Animations/Info.plist;
				LD_RUNPATH_SEARCH_PATHS = (
					"$(inherited)",
					"@executable_path/Frameworks",
				);
				PRODUCT_BUNDLE_IDENTIFIER = leocoout.dev.Animations;
				PRODUCT_NAME = "$(TARGET_NAME)";
				SWIFT_VERSION = 5.0;
				TARGETED_DEVICE_FAMILY = "1,2";
			};
			name = Release;
		};
/* End XCBuildConfiguration section */

/* Begin XCConfigurationList section */
		237660EC23ADB0AE0003EC20 /* Build configuration list for PBXProject "Animations" */ = {
			isa = XCConfigurationList;
			buildConfigurations = (
				2376610323ADB0B00003EC20 /* Debug */,
				2376610423ADB0B00003EC20 /* Release */,
			);
			defaultConfigurationIsVisible = 0;
			defaultConfigurationName = Release;
		};
		2376610523ADB0B00003EC20 /* Build configuration list for PBXNativeTarget "Animations" */ = {
			isa = XCConfigurationList;
			buildConfigurations = (
				2376610623ADB0B00003EC20 /* Debug */,
				2376610723ADB0B00003EC20 /* Release */,
			);
			defaultConfigurationIsVisible = 0;
			defaultConfigurationName = Release;
		};
/* End XCConfigurationList section */
	};
	rootObject = 237660E923ADB0AE0003EC20 /* Project object */;
}
